
Microsoft Visual Studio Solution File, Format Version 12.00
# Visual Studio 15
VisualStudioVersion = 15.0.28010.2003
MinimumVisualStudioVersion = 10.0.40219.1
Project("{9A19103F-16F7-4668-BE54-9A1E7A4F7556}") = "WatchApp.Core", "WatchApp.Core\WatchApp.Core.csproj", "{7591E690-92A9-499C-9167-A5C29FA804DB}"
EndProject
Project("{9A19103F-16F7-4668-BE54-9A1E7A4F7556}") = "WatchAppRestApi", "WatchAppRestApi\WatchAppRestApi.csproj", "{670EB498-96ED-40B2-8211-921BB12547F4}"
EndProject
Project("{2150E333-8FDC-42A3-9474-1A3956D46DE8}") = "Core", "Core", "{953D656A-9FEC-4539-B5B3-B59DCBC8E963}"
EndProject
Project("{2150E333-8FDC-42A3-9474-1A3956D46DE8}") = "Infastructure", "Infastructure", "{43E1B176-E02B-418E-ADAF-D3F19314743E}"
EndProject
Project("{2150E333-8FDC-42A3-9474-1A3956D46DE8}") = "UI", "UI", "{7192DF91-4FF3-48FF-B00D-05788174709F}"
EndProject
Project("{9A19103F-16F7-4668-BE54-9A1E7A4F7556}") = "WatchApp.Core.Entity", "WatchApp.Core.Entity\WatchApp.Core.Entity.csproj", "{BCF99A32-1B2E-42E7-8892-B74C10C2A943}"
EndProject
Project("{FAE04EC0-301F-11D3-BF4B-00C04F79EFBC}") = "WatchApp.Infrastructure.Data", "WatchApp.Infrastructure.Data\WatchApp.Infrastructure.Data.csproj", "{5DAF9D35-4C7E-4924-9519-AED6ADC821A3}"
EndProject
Global
	GlobalSection(SolutionConfigurationPlatforms) = preSolution
		Debug|Any CPU = Debug|Any CPU
		Release|Any CPU = Release|Any CPU
	EndGlobalSection
	GlobalSection(ProjectConfigurationPlatforms) = postSolution
		{7591E690-92A9-499C-9167-A5C29FA804DB}.Debug|Any CPU.ActiveCfg = Debug|Any CPU
		{7591E690-92A9-499C-9167-A5C29FA804DB}.Debug|Any CPU.Build.0 = Debug|Any CPU
		{7591E690-92A9-499C-9167-A5C29FA804DB}.Release|Any CPU.ActiveCfg = Release|Any CPU
		{7591E690-92A9-499C-9167-A5C29FA804DB}.Release|Any CPU.Build.0 = Release|Any CPU
		{670EB498-96ED-40B2-8211-921BB12547F4}.Debug|Any CPU.ActiveCfg = Debug|Any CPU
		{670EB498-96ED-40B2-8211-921BB12547F4}.Debug|Any CPU.Build.0 = Debug|Any CPU
		{670EB498-96ED-40B2-8211-921BB12547F4}.Release|Any CPU.ActiveCfg = Release|Any CPU
		{670EB498-96ED-40B2-8211-921BB12547F4}.Release|Any CPU.Build.0 = Release|Any CPU
		{BCF99A32-1B2E-42E7-8892-B74C10C2A943}.Debug|Any CPU.ActiveCfg = Debug|Any CPU
		{BCF99A32-1B2E-42E7-8892-B74C10C2A943}.Debug|Any CPU.Build.0 = Debug|Any CPU
		{BCF99A32-1B2E-42E7-8892-B74C10C2A943}.Release|Any CPU.ActiveCfg = Release|Any CPU
		{BCF99A32-1B2E-42E7-8892-B74C10C2A943}.Release|Any CPU.Build.0 = Release|Any CPU
		{5DAF9D35-4C7E-4924-9519-AED6ADC821A3}.Debug|Any CPU.ActiveCfg = Debug|Any CPU
		{5DAF9D35-4C7E-4924-9519-AED6ADC821A3}.Debug|Any CPU.Build.0 = Debug|Any CPU
		{5DAF9D35-4C7E-4924-9519-AED6ADC821A3}.Release|Any CPU.ActiveCfg = Release|Any CPU
		{5DAF9D35-4C7E-4924-9519-AED6ADC821A3}.Release|Any CPU.Build.0 = Release|Any CPU
	EndGlobalSection
	GlobalSection(SolutionProperties) = preSolution
		HideSolutionNode = FALSE
	EndGlobalSection
	GlobalSection(NestedProjects) = preSolution
		{7591E690-92A9-499C-9167-A5C29FA804DB} = {953D656A-9FEC-4539-B5B3-B59DCBC8E963}
		{670EB498-96ED-40B2-8211-921BB12547F4} = {7192DF91-4FF3-48FF-B00D-05788174709F}
		{BCF99A32-1B2E-42E7-8892-B74C10C2A943} = {953D656A-9FEC-4539-B5B3-B59DCBC8E963}
		{5DAF9D35-4C7E-4924-9519-AED6ADC821A3} = {43E1B176-E02B-418E-ADAF-D3F19314743E}
	EndGlobalSection
	GlobalSection(ExtensibilityGlobals) = postSolution
		SolutionGuid = {488B61B5-AE76-4872-A2E9-6CFB0AD0EE2F}
	EndGlobalSection
EndGlobal
